// !$*UTF8*$!
{
	archiveVersion = 1;
	classes = {
	};
	objectVersion = 55;
	objects = {

/* Begin PBXBuildFile section */
		4F8A27F327C0F99D00B159B9 /* AppDelegate.swift in Sources */ = {isa = PBXBuildFile; fileRef = 4F8A27F227C0F99D00B159B9 /* AppDelegate.swift */; };
		4F8A27F527C0F99D00B159B9 /* SceneDelegate.swift in Sources */ = {isa = PBXBuildFile; fileRef = 4F8A27F427C0F99D00B159B9 /* SceneDelegate.swift */; };
		4F8A27F727C0F99D00B159B9 /* SearchViewController.swift in Sources */ = {isa = PBXBuildFile; fileRef = 4F8A27F627C0F99D00B159B9 /* SearchViewController.swift */; };
		4F8A27FA27C0F99D00B159B9 /* Main.storyboard in Resources */ = {isa = PBXBuildFile; fileRef = 4F8A27F827C0F99D00B159B9 /* Main.storyboard */; };
		4F8A27FC27C0F99F00B159B9 /* Assets.xcassets in Resources */ = {isa = PBXBuildFile; fileRef = 4F8A27FB27C0F99F00B159B9 /* Assets.xcassets */; };
		4F8A27FF27C0F99F00B159B9 /* LaunchScreen.storyboard in Resources */ = {isa = PBXBuildFile; fileRef = 4F8A27FD27C0F99F00B159B9 /* LaunchScreen.storyboard */; };
/* End PBXBuildFile section */

/* Begin PBXFileReference section */
		4F8A27EF27C0F99D00B159B9 /* SampleLinkPresentation.app */ = {isa = PBXFileReference; explicitFileType = wrapper.application; includeInIndex = 0; path = SampleLinkPresentation.app; sourceTree = BUILT_PRODUCTS_DIR; };
		4F8A27F227C0F99D00B159B9 /* AppDelegate.swift */ = {isa = PBXFileReference; lastKnownFileType = sourcecode.swift; path = AppDelegate.swift; sourceTree = "<group>"; };
		4F8A27F427C0F99D00B159B9 /* SceneDelegate.swift */ = {isa = PBXFileReference; lastKnownFileType = sourcecode.swift; path = SceneDelegate.swift; sourceTree = "<group>"; };
		4F8A27F627C0F99D00B159B9 /* SearchViewController.swift */ = {isa = PBXFileReference; lastKnownFileType = sourcecode.swift; path = SearchViewController.swift; sourceTree = "<group>"; };
		4F8A27F927C0F99D00B159B9 /* Base */ = {isa = PBXFileReference; lastKnownFileType = file.storyboard; name = Base; path = Base.lproj/Main.storyboard; sourceTree = "<group>"; };
		4F8A27FB27C0F99F00B159B9 /* Assets.xcassets */ = {isa = PBXFileReference; lastKnownFileType = folder.assetcatalog; path = Assets.xcassets; sourceTree = "<group>"; };
		4F8A27FE27C0F99F00B159B9 /* Base */ = {isa = PBXFileReference; lastKnownFileType = file.storyboard; name = Base; path = Base.lproj/LaunchScreen.storyboard; sourceTree = "<group>"; };
		4F8A280027C0F99F00B159B9 /* Info.plist */ = {isa = PBXFileReference; lastKnownFileType = text.plist.xml; path = Info.plist; sourceTree = "<group>"; };
/* End PBXFileReference section */

/* Begin PBXFrameworksBuildPhase section */
		4F8A27EC27C0F99D00B159B9 /* Frameworks */ = {
			isa = PBXFrameworksBuildPhase;
			buildActionMask = 2147483647;
			files = (
			);
			runOnlyForDeploymentPostprocessing = 0;
		};
/* End PBXFrameworksBuildPhase section */

/* Begin PBXGroup section */
		4F8A27E627C0F99D00B159B9 = {
			isa = PBXGroup;
			children = (
				4F8A27F127C0F99D00B159B9 /* SampleLinkPresentation */,
				4F8A27F027C0F99D00B159B9 /* Products */,
			);
			sourceTree = "<group>";
		};
		4F8A27F027C0F99D00B159B9 /* Products */ = {
			isa = PBXGroup;
			children = (
				4F8A27EF27C0F99D00B159B9 /* SampleLinkPresentation.app */,
			);
			name = Products;
			sourceTree = "<group>";
		};
		4F8A27F127C0F99D00B159B9 /* SampleLinkPresentation */ = {
			isa = PBXGroup;
			children = (
				4F8A280827C1018C00B159B9 /* Source */,
				4F8A280727C1017900B159B9 /* Supports */,
				4F8A280627C1015A00B159B9 /* Resource */,
			);
			path = SampleLinkPresentation;
			sourceTree = "<group>";
		};
		4F8A280627C1015A00B159B9 /* Resource */ = {
			isa = PBXGroup;
			children = (
				4F8A27FD27C0F99F00B159B9 /* LaunchScreen.storyboard */,
				4F8A27FB27C0F99F00B159B9 /* Assets.xcassets */,
			);
			path = Resource;
			sourceTree = "<group>";
		};
		4F8A280727C1017900B159B9 /* Supports */ = {
			isa = PBXGroup;
			children = (
				4F8A280027C0F99F00B159B9 /* Info.plist */,
				4F8A27F427C0F99D00B159B9 /* SceneDelegate.swift */,
				4F8A27F227C0F99D00B159B9 /* AppDelegate.swift */,
			);
			path = Supports;
			sourceTree = "<group>";
		};
		4F8A280827C1018C00B159B9 /* Source */ = {
			isa = PBXGroup;
			children = (
				4F8A280927C101AC00B159B9 /* Model */,
				4F8A280A27C101B000B159B9 /* View */,
				4F8A280B27C101B400B159B9 /* Controller */,
			);
			path = Source;
			sourceTree = "<group>";
		};
		4F8A280927C101AC00B159B9 /* Model */ = {
			isa = PBXGroup;
			children = (
			);
			path = Model;
			sourceTree = "<group>";
		};
		4F8A280A27C101B000B159B9 /* View */ = {
			isa = PBXGroup;
			children = (
				4F8A27F827C0F99D00B159B9 /* Main.storyboard */,
			);
			path = View;
			sourceTree = "<group>";
		};
		4F8A280B27C101B400B159B9 /* Controller */ = {
			isa = PBXGroup;
			children = (
				4F8A27F627C0F99D00B159B9 /* SearchViewController.swift */,
			);
			path = Controller;
			sourceTree = "<group>";
		};
/* End PBXGroup section */

/* Begin PBXNativeTarget section */
		4F8A27EE27C0F99D00B159B9 /* SampleLinkPresentation */ = {
			isa = PBXNativeTarget;
			buildConfigurationList = 4F8A280327C0F99F00B159B9 /* Build configuration list for PBXNativeTarget "SampleLinkPresentation" */;
			buildPhases = (
				4F8A27EB27C0F99D00B159B9 /* Sources */,
				4F8A27EC27C0F99D00B159B9 /* Frameworks */,
				4F8A27ED27C0F99D00B159B9 /* Resources */,
			);
			buildRules = (
			);
			dependencies = (
			);
			name = SampleLinkPresentation;
			productName = SampleLinkPresentation;
			productReference = 4F8A27EF27C0F99D00B159B9 /* SampleLinkPresentation.app */;
			productType = "com.apple.product-type.application";
		};
/* End PBXNativeTarget section */

/* Begin PBXProject section */
		4F8A27E727C0F99D00B159B9 /* Project object */ = {
			isa = PBXProject;
			attributes = {
				BuildIndependentTargetsInParallel = 1;
				LastSwiftUpdateCheck = 1320;
				LastUpgradeCheck = 1320;
				TargetAttributes = {
					4F8A27EE27C0F99D00B159B9 = {
						CreatedOnToolsVersion = 13.2.1;
					};
				};
			};
			buildConfigurationList = 4F8A27EA27C0F99D00B159B9 /* Build configuration list for PBXProject "SampleLinkPresentation" */;
			compatibilityVersion = "Xcode 13.0";
			developmentRegion = en;
			hasScannedForEncodings = 0;
			knownRegions = (
				en,
				Base,
			);
			mainGroup = 4F8A27E627C0F99D00B159B9;
			productRefGroup = 4F8A27F027C0F99D00B159B9 /* Products */;
			projectDirPath = "";
			projectRoot = "";
			targets = (
				4F8A27EE27C0F99D00B159B9 /* SampleLinkPresentation */,
			);
		};
/* End PBXProject section */

/* Begin PBXResourcesBuildPhase section */
		4F8A27ED27C0F99D00B159B9 /* Resources */ = {
			isa = PBXResourcesBuildPhase;
			buildActionMask = 2147483647;
			files = (
				4F8A27FF27C0F99F00B159B9 /* LaunchScreen.storyboard in Resources */,
				4F8A27FC27C0F99F00B159B9 /* Assets.xcassets in Resources */,
				4F8A27FA27C0F99D00B159B9 /* Main.storyboard in Resources */,
			);
			runOnlyForDeploymentPostprocessing = 0;
		};
/* End PBXResourcesBuildPhase section */

/* Begin PBXSourcesBuildPhase section */
		4F8A27EB27C0F99D00B159B9 /* Sources */ = {
			isa = PBXSourcesBuildPhase;
			buildActionMask = 2147483647;
			files = (
				4F8A27F727C0F99D00B159B9 /* SearchViewController.swift in Sources */,
				4F8A27F327C0F99D00B159B9 /* AppDelegate.swift in Sources */,
				4F8A27F527C0F99D00B159B9 /* SceneDelegate.swift in Sources */,
			);
			runOnlyForDeploymentPostprocessing = 0;
		};
/* End PBXSourcesBuildPhase section */

/* Begin PBXVariantGroup section */
		4F8A27F827C0F99D00B159B9 /* Main.storyboard */ = {
			isa = PBXVariantGroup;
			children = (
				4F8A27F927C0F99D00B159B9 /* Base */,
			);
			name = Main.storyboard;
			sourceTree = "<group>";
		};
		4F8A27FD27C0F99F00B159B9 /* LaunchScreen.storyboard */ = {
			isa = PBXVariantGroup;
			children = (
				4F8A27FE27C0F99F00B159B9 /* Base */,
			);
			name = LaunchScreen.storyboard;
			sourceTree = "<group>";
		};
/* End PBXVariantGroup section */

/* Begin XCBuildConfiguration section */
		4F8A280127C0F99F00B159B9 /* Debug */ = {
			isa = XCBuildConfiguration;
			buildSettings = {
				ALWAYS_SEARCH_USER_PATHS = NO;
				CLANG_ANALYZER_NONNULL = YES;
				CLANG_ANALYZER_NUMBER_OBJECT_CONVERSION = YES_AGGRESSIVE;
				CLANG_CXX_LANGUAGE_STANDARD = "gnu++17";
				CLANG_CXX_LIBRARY = "libc++";
				CLANG_ENABLE_MODULES = YES;
				CLANG_ENABLE_OBJC_ARC = YES;
				CLANG_ENABLE_OBJC_WEAK = YES;
				CLANG_WARN_BLOCK_CAPTURE_AUTORELEASING = YES;
				CLANG_WARN_BOOL_CONVERSION = YES;
				CLANG_WARN_COMMA = YES;
				CLANG_WARN_CONSTANT_CONVERSION = YES;
				CLANG_WARN_DEPRECATED_OBJC_IMPLEMENTATIONS = YES;
				CLANG_WARN_DIRECT_OBJC_ISA_USAGE = YES_ERROR;
				CLANG_WARN_DOCUMENTATION_COMMENTS = YES;
				CLANG_WARN_EMPTY_BODY = YES;
				CLANG_WARN_ENUM_CONVERSION = YES;
				CLANG_WARN_INFINITE_RECURSION = YES;
				CLANG_WARN_INT_CONVERSION = YES;
				CLANG_WARN_NON_LITERAL_NULL_CONVERSION = YES;
				CLANG_WARN_OBJC_IMPLICIT_RETAIN_SELF = YES;
				CLANG_WARN_OBJC_LITERAL_CONVERSION = YES;
				CLANG_WARN_OBJC_ROOT_CLASS = YES_ERROR;
				CLANG_WARN_QUOTED_INCLUDE_IN_FRAMEWORK_HEADER = YES;
				CLANG_WARN_RANGE_LOOP_ANALYSIS = YES;
				CLANG_WARN_STRICT_PROTOTYPES = YES;
				CLANG_WARN_SUSPICIOUS_MOVE = YES;
				CLANG_WARN_UNGUARDED_AVAILABILITY = YES_AGGRESSIVE;
				CLANG_WARN_UNREACHABLE_CODE = YES;
				CLANG_WARN__DUPLICATE_METHOD_MATCH = YES;
				COPY_PHASE_STRIP = NO;
				DEBUG_INFORMATION_FORMAT = dwarf;
				ENABLE_STRICT_OBJC_MSGSEND = YES;
				ENABLE_TESTABILITY = YES;
				GCC_C_LANGUAGE_STANDARD = gnu11;
				GCC_DYNAMIC_NO_PIC = NO;
				GCC_NO_COMMON_BLOCKS = YES;
				GCC_OPTIMIZATION_LEVEL = 0;
				GCC_PREPROCESSOR_DEFINITIONS = (
					"DEBUG=1",
					"$(inherited)",
				);
				GCC_WARN_64_TO_32_BIT_CONVERSION = YES;
				GCC_WARN_ABOUT_RETURN_TYPE = YES_ERROR;
				GCC_WARN_UNDECLARED_SELECTOR = YES;
				GCC_WARN_UNINITIALIZED_AUTOS = YES_AGGRESSIVE;
				GCC_WARN_UNUSED_FUNCTION = YES;
				GCC_WARN_UNUSED_VARIABLE = YES;
				IPHONEOS_DEPLOYMENT_TARGET = 15.2;
				MTL_ENABLE_DEBUG_INFO = INCLUDE_SOURCE;
				MTL_FAST_MATH = YES;
				ONLY_ACTIVE_ARCH = YES;
				SDKROOT = iphoneos;
				SWIFT_ACTIVE_COMPILATION_CONDITIONS = DEBUG;
				SWIFT_OPTIMIZATION_LEVEL = "-Onone";
			};
			name = Debug;
		};
		4F8A280227C0F99F00B159B9 /* Release */ = {
			isa = XCBuildConfiguration;
			buildSettings = {
				ALWAYS_SEARCH_USER_PATHS = NO;
				CLANG_ANALYZER_NONNULL = YES;
				CLANG_ANALYZER_NUMBER_OBJECT_CONVERSION = YES_AGGRESSIVE;
				CLANG_CXX_LANGUAGE_STANDARD = "gnu++17";
				CLANG_CXX_LIBRARY = "libc++";
				CLANG_ENABLE_MODULES = YES;
				CLANG_ENABLE_OBJC_ARC = YES;
				CLANG_ENABLE_OBJC_WEAK = YES;
				CLANG_WARN_BLOCK_CAPTURE_AUTORELEASING = YES;
				CLANG_WARN_BOOL_CONVERSION = YES;
				CLANG_WARN_COMMA = YES;
				CLANG_WARN_CONSTANT_CONVERSION = YES;
				CLANG_WARN_DEPRECATED_OBJC_IMPLEMENTATIONS = YES;
				CLANG_WARN_DIRECT_OBJC_ISA_USAGE = YES_ERROR;
				CLANG_WARN_DOCUMENTATION_COMMENTS = YES;
				CLANG_WARN_EMPTY_BODY = YES;
				CLANG_WARN_ENUM_CONVERSION = YES;
				CLANG_WARN_INFINITE_RECURSION = YES;
				CLANG_WARN_INT_CONVERSION = YES;
				CLANG_WARN_NON_LITERAL_NULL_CONVERSION = YES;
				CLANG_WARN_OBJC_IMPLICIT_RETAIN_SELF = YES;
				CLANG_WARN_OBJC_LITERAL_CONVERSION = YES;
				CLANG_WARN_OBJC_ROOT_CLASS = YES_ERROR;
				CLANG_WARN_QUOTED_INCLUDE_IN_FRAMEWORK_HEADER = YES;
				CLANG_WARN_RANGE_LOOP_ANALYSIS = YES;
				CLANG_WARN_STRICT_PROTOTYPES = YES;
				CLANG_WARN_SUSPICIOUS_MOVE = YES;
				CLANG_WARN_UNGUARDED_AVAILABILITY = YES_AGGRESSIVE;
				CLANG_WARN_UNREACHABLE_CODE = YES;
				CLANG_WARN__DUPLICATE_METHOD_MATCH = YES;
				COPY_PHASE_STRIP = NO;
				DEBUG_INFORMATION_FORMAT = "dwarf-with-dsym";
				ENABLE_NS_ASSERTIONS = NO;
				ENABLE_STRICT_OBJC_MSGSEND = YES;
				GCC_C_LANGUAGE_STANDARD = gnu11;
				GCC_NO_COMMON_BLOCKS = YES;
				GCC_WARN_64_TO_32_BIT_CONVERSION = YES;
				GCC_WARN_ABOUT_RETURN_TYPE = YES_ERROR;
				GCC_WARN_UNDECLARED_SELECTOR = YES;
				GCC_WARN_UNINITIALIZED_AUTOS = YES_AGGRESSIVE;
				GCC_WARN_UNUSED_FUNCTION = YES;
				GCC_WARN_UNUSED_VARIABLE = YES;
				IPHONEOS_DEPLOYMENT_TARGET = 15.2;
				MTL_ENABLE_DEBUG_INFO = NO;
				MTL_FAST_MATH = YES;
				SDKROOT = iphoneos;
				SWIFT_COMPILATION_MODE = wholemodule;
				SWIFT_OPTIMIZATION_LEVEL = "-O";
				VALIDATE_PRODUCT = YES;
			};
			name = Release;
		};
		4F8A280427C0F99F00B159B9 /* Debug */ = {
			isa = XCBuildConfiguration;
			buildSettings = {
				ASSETCATALOG_COMPILER_APPICON_NAME = AppIcon;
				ASSETCATALOG_COMPILER_GLOBAL_ACCENT_COLOR_NAME = AccentColor;
				CODE_SIGN_STYLE = Automatic;
				CURRENT_PROJECT_VERSION = 1;
				GENERATE_INFOPLIST_FILE = YES;
				INFOPLIST_FILE = SampleLinkPresentation/Info.plist;
				INFOPLIST_KEY_UIApplicationSupportsIndirectInputEvents = YES;
				INFOPLIST_KEY_UILaunchStoryboardName = LaunchScreen;
				INFOPLIST_KEY_UIMainStoryboardFile = Main;
				INFOPLIST_KEY_UISupportedInterfaceOrientations_iPad = "UIInterfaceOrientationPortrait UIInterfaceOrientationPortraitUpsideDown UIInterfaceOrientationLandscapeLeft UIInterfaceOrientationLandscapeRight";
				INFOPLIST_KEY_UISupportedInterfaceOrientations_iPhone = "UIInterfaceOrientationPortrait UIInterfaceOrientationLandscapeLeft UIInterfaceOrientationLandscapeRight";
				LD_RUNPATH_SEARCH_PATHS = (
					"$(inherited)",
					"@executable_path/Frameworks",
				);
				MARKETING_VERSION = 1.0;
				PRODUCT_BUNDLE_IDENTIFIER = com.noah.SampleLinkPresentation;
				PRODUCT_NAME = "$(TARGET_NAME)";
				SWIFT_EMIT_LOC_STRINGS = YES;
				SWIFT_VERSION = 5.0;
				TARGETED_DEVICE_FAMILY = "1,2";
			};
			name = Debug;
		};
		4F8A280527C0F99F00B159B9 /* Release */ = {
			isa = XCBuildConfiguration;
			buildSettings = {
				ASSETCATALOG_COMPILER_APPICON_NAME = AppIcon;
				ASSETCATALOG_COMPILER_GLOBAL_ACCENT_COLOR_NAME = AccentColor;
				CODE_SIGN_STYLE = Automatic;
				CURRENT_PROJECT_VERSION = 1;
				GENERATE_INFOPLIST_FILE = YES;
				INFOPLIST_FILE = SampleLinkPresentation/Info.plist;
				INFOPLIST_KEY_UIApplicationSupportsIndirectInputEvents = YES;
				INFOPLIST_KEY_UILaunchStoryboardName = LaunchScreen;
				INFOPLIST_KEY_UIMainStoryboardFile = Main;
				INFOPLIST_KEY_UISupportedInterfaceOrientations_iPad = "UIInterfaceOrientationPortrait UIInterfaceOrientationPortraitUpsideDown UIInterfaceOrientationLandscapeLeft UIInterfaceOrientationLandscapeRight";
				INFOPLIST_KEY_UISupportedInterfaceOrientations_iPhone = "UIInterfaceOrientationPortrait UIInterfaceOrientationLandscapeLeft UIInterfaceOrientationLandscapeRight";
				LD_RUNPATH_SEARCH_PATHS = (
					"$(inherited)",
					"@executable_path/Frameworks",
				);
				MARKETING_VERSION = 1.0;
				PRODUCT_BUNDLE_IDENTIFIER = com.noah.SampleLinkPresentation;
				PRODUCT_NAME = "$(TARGET_NAME)";
				SWIFT_EMIT_LOC_STRINGS = YES;
				SWIFT_VERSION = 5.0;
				TARGETED_DEVICE_FAMILY = "1,2";
			};
			name = Release;
		};
/* End XCBuildConfiguration section */

/* Begin XCConfigurationList section */
		4F8A27EA27C0F99D00B159B9 /* Build configuration list for PBXProject "SampleLinkPresentation" */ = {
			isa = XCConfigurationList;
			buildConfigurations = (
				4F8A280127C0F99F00B159B9 /* Debug */,
				4F8A280227C0F99F00B159B9 /* Release */,
			);
			defaultConfigurationIsVisible = 0;
			defaultConfigurationName = Release;
		};
		4F8A280327C0F99F00B159B9 /* Build configuration list for PBXNativeTarget "SampleLinkPresentation" */ = {
			isa = XCConfigurationList;
			buildConfigurations = (
				4F8A280427C0F99F00B159B9 /* Debug */,
				4F8A280527C0F99F00B159B9 /* Release */,
			);
			defaultConfigurationIsVisible = 0;
			defaultConfigurationName = Release;
		};
/* End XCConfigurationList section */
	};
	rootObject = 4F8A27E727C0F99D00B159B9 /* Project object */;
}
